
Microsoft Visual Studio Solution File, Format Version 12.00
# Visual Studio Version 17
VisualStudioVersion = 17.5.002.0
MinimumVisualStudioVersion = 10.0.40219.1
Project("{9A19103F-16F7-4668-BE54-9A1E7A4F7556}") = "CommandsService", "CommandsService.csproj", "{A35A12D2-AEF6-404C-BB5F-CCFAA54891D1}"
EndProject
Global
	GlobalSection(SolutionConfigurationPlatforms) = preSolution
		Debug|Any CPU = Debug|Any CPU
		Release|Any CPU = Release|Any CPU
	EndGlobalSection
	GlobalSection(ProjectConfigurationPlatforms) = postSolution
		{A35A12D2-AEF6-404C-BB5F-CCFAA54891D1}.Debug|Any CPU.ActiveCfg = Debug|Any CPU
		{A35A12D2-AEF6-404C-BB5F-CCFAA54891D1}.Debug|Any CPU.Build.0 = Debug|Any CPU
		{A35A12D2-AEF6-404C-BB5F-CCFAA54891D1}.Release|Any CPU.ActiveCfg = Release|Any CPU
		{A35A12D2-AEF6-404C-BB5F-CCFAA54891D1}.Release|Any CPU.Build.0 = Release|Any CPU
	EndGlobalSection
	GlobalSection(SolutionProperties) = preSolution
		HideSolutionNode = FALSE
	EndGlobalSection
	GlobalSection(ExtensibilityGlobals) = postSolution
		SolutionGuid = {491AC1F5-33E2-4EBD-95B7-336861A0ADAC}
	EndGlobalSection
EndGlobal
